github.com/dudnikv/pro v0.0.0-20220814093648-33ee339e5b0c h1:bi9C2AUtwmfnsVhzoLTH/CiPEod1QdZSa1eyE7BbnW4=
github.com/dudnikv/pro v0.0.0-20220814093648-33ee339e5b0c/go.mod h1:SPp3aY70oBaLg/d2A0ThT43tkyUQWMD+xh1MA8rZWB0=
github.com/dudnikv/ru v0.0.0-20220830185633-90c90d7886e6 h1:tIU0LXV9lAqfFB7ZymTWzJGO8WDToy7frneDL7wryVw=
github.com/dudnikv/ru v0.0.0-20220830185633-90c90d7886e6/go.mod h1:VW7fUZvVt6t0LEb6PidS6AVdhskW0utyuRKpx6qIbwk=
